
Microsoft Visual Studio Solution File, Format Version 12.00
# Visual Studio Version 17
VisualStudioVersion = 17.2.32602.215
MinimumVisualStudioVersion = 10.0.40219.1
Project("{FAE04EC0-301F-11D3-BF4B-00C04F79EFBC}") = "CCT.MuitoAndOr.App", "CCT.MuitoAndOr\CCT.MuitoAndOr.App.csproj", "{063ED5B9-C6FA-4D3B-84B6-0B1BA5702E91}"
EndProject
Project("{FAE04EC0-301F-11D3-BF4B-00C04F79EFBC}") = "CCT.MuitoAndOr.UnitTest", "CCT.MuitoAndOr.UnitTest\CCT.MuitoAndOr.UnitTest.csproj", "{9B6DB842-86D8-4604-9C85-A0BBF75A0537}"
EndProject
Global
	GlobalSection(SolutionConfigurationPlatforms) = preSolution
		Debug|Any CPU = Debug|Any CPU
		Release|Any CPU = Release|Any CPU
	EndGlobalSection
	GlobalSection(ProjectConfigurationPlatforms) = postSolution
		{063ED5B9-C6FA-4D3B-84B6-0B1BA5702E91}.Debug|Any CPU.ActiveCfg = Debug|Any CPU
		{063ED5B9-C6FA-4D3B-84B6-0B1BA5702E91}.Debug|Any CPU.Build.0 = Debug|Any CPU
		{063ED5B9-C6FA-4D3B-84B6-0B1BA5702E91}.Release|Any CPU.ActiveCfg = Release|Any CPU
		{063ED5B9-C6FA-4D3B-84B6-0B1BA5702E91}.Release|Any CPU.Build.0 = Release|Any CPU
		{9B6DB842-86D8-4604-9C85-A0BBF75A0537}.Debug|Any CPU.ActiveCfg = Debug|Any CPU
		{9B6DB842-86D8-4604-9C85-A0BBF75A0537}.Debug|Any CPU.Build.0 = Debug|Any CPU
		{9B6DB842-86D8-4604-9C85-A0BBF75A0537}.Release|Any CPU.ActiveCfg = Release|Any CPU
		{9B6DB842-86D8-4604-9C85-A0BBF75A0537}.Release|Any CPU.Build.0 = Release|Any CPU
	EndGlobalSection
	GlobalSection(SolutionProperties) = preSolution
		HideSolutionNode = FALSE
	EndGlobalSection
	GlobalSection(ExtensibilityGlobals) = postSolution
		SolutionGuid = {F6DBAC37-5D0A-476D-828E-54503B77B1E8}
	EndGlobalSection
EndGlobal
